
Microsoft Visual Studio Solution File, Format Version 12.00
# Visual Studio 15
VisualStudioVersion = 15.0.28307.1062
MinimumVisualStudioVersion = 10.0.40219.1
Project("{FAE04EC0-301F-11D3-BF4B-00C04F79EFBC}") = "PLC", "Study2\PLC.csproj", "{FEEEDBB5-97A3-44C9-BC8A-EC01F7545530}"
	ProjectSection(ProjectDependencies) = postProject
		{3F080765-0AF5-4083-92C4-93D194924BB3} = {3F080765-0AF5-4083-92C4-93D194924BB3}
	EndProjectSection
EndProject
Project("{FAE04EC0-301F-11D3-BF4B-00C04F79EFBC}") = "EasyLicense.Lib", "EasyLicense.Lib\EasyLicense.Lib.csproj", "{3F080765-0AF5-4083-92C4-93D194924BB3}"
EndProject
Project("{FAE04EC0-301F-11D3-BF4B-00C04F79EFBC}") = "AutoCADCommands.R19", "AutoCADCodePack\AutoCADCommands\AutoCADCommands.R19.csproj", "{77B9F8FE-F75B-48C8-8249-6859E8D347E1}"
EndProject
Global
	GlobalSection(SolutionConfigurationPlatforms) = preSolution
		CE|Any CPU = CE|Any CPU
		Debug|Any CPU = Debug|Any CPU
		Release|Any CPU = Release|Any CPU
	EndGlobalSection
	GlobalSection(ProjectConfigurationPlatforms) = postSolution
		{FEEEDBB5-97A3-44C9-BC8A-EC01F7545530}.CE|Any CPU.ActiveCfg = CE|Any CPU
		{FEEEDBB5-97A3-44C9-BC8A-EC01F7545530}.Debug|Any CPU.ActiveCfg = Debug|Any CPU
		{FEEEDBB5-97A3-44C9-BC8A-EC01F7545530}.Debug|Any CPU.Build.0 = Debug|Any CPU
		{FEEEDBB5-97A3-44C9-BC8A-EC01F7545530}.Release|Any CPU.ActiveCfg = Release|Any CPU
		{FEEEDBB5-97A3-44C9-BC8A-EC01F7545530}.Release|Any CPU.Build.0 = Release|Any CPU
		{3F080765-0AF5-4083-92C4-93D194924BB3}.CE|Any CPU.ActiveCfg = CE|Any CPU
		{3F080765-0AF5-4083-92C4-93D194924BB3}.Debug|Any CPU.ActiveCfg = Debug|Any CPU
		{3F080765-0AF5-4083-92C4-93D194924BB3}.Debug|Any CPU.Build.0 = Debug|Any CPU
		{3F080765-0AF5-4083-92C4-93D194924BB3}.Release|Any CPU.ActiveCfg = Release|Any CPU
		{3F080765-0AF5-4083-92C4-93D194924BB3}.Release|Any CPU.Build.0 = Release|Any CPU
		{77B9F8FE-F75B-48C8-8249-6859E8D347E1}.CE|Any CPU.ActiveCfg = Release|Any CPU
		{77B9F8FE-F75B-48C8-8249-6859E8D347E1}.CE|Any CPU.Build.0 = Release|Any CPU
		{77B9F8FE-F75B-48C8-8249-6859E8D347E1}.Debug|Any CPU.ActiveCfg = Debug|Any CPU
		{77B9F8FE-F75B-48C8-8249-6859E8D347E1}.Debug|Any CPU.Build.0 = Debug|Any CPU
		{77B9F8FE-F75B-48C8-8249-6859E8D347E1}.Release|Any CPU.ActiveCfg = Release|Any CPU
		{77B9F8FE-F75B-48C8-8249-6859E8D347E1}.Release|Any CPU.Build.0 = Release|Any CPU
	EndGlobalSection
	GlobalSection(SolutionProperties) = preSolution
		HideSolutionNode = FALSE
	EndGlobalSection
	GlobalSection(ExtensibilityGlobals) = postSolution
		SolutionGuid = {8DC54DAF-82DD-4864-9A68-607DD7949EE3}
	EndGlobalSection
EndGlobal
