
Microsoft Visual Studio Solution File, Format Version 12.00
# Visual Studio 15
VisualStudioVersion = 15.0.28307.1062
MinimumVisualStudioVersion = 10.0.40219.1
Project("{FAE04EC0-301F-11D3-BF4B-00C04F79EFBC}") = "Study2", "Study2\Study2.csproj", "{FEEEDBB5-97A3-44C9-BC8A-EC01F7545530}"
EndProject
Global
	GlobalSection(SolutionConfigurationPlatforms) = preSolution
		Debug|Any CPU = Debug|Any CPU
		Release|Any CPU = Release|Any CPU
	EndGlobalSection
	GlobalSection(ProjectConfigurationPlatforms) = postSolution
		{FEEEDBB5-97A3-44C9-BC8A-EC01F7545530}.Debug|Any CPU.ActiveCfg = Debug|Any CPU
		{FEEEDBB5-97A3-44C9-BC8A-EC01F7545530}.Debug|Any CPU.Build.0 = Debug|Any CPU
		{FEEEDBB5-97A3-44C9-BC8A-EC01F7545530}.Release|Any CPU.ActiveCfg = Release|Any CPU
		{FEEEDBB5-97A3-44C9-BC8A-EC01F7545530}.Release|Any CPU.Build.0 = Release|Any CPU
	EndGlobalSection
	GlobalSection(SolutionProperties) = preSolution
		HideSolutionNode = FALSE
	EndGlobalSection
	GlobalSection(ExtensibilityGlobals) = postSolution
		SolutionGuid = {8DC54DAF-82DD-4864-9A68-607DD7949EE3}
	EndGlobalSection
EndGlobal
